
Microsoft Visual Studio Solution File, Format Version 12.00
# Visual Studio Version 17
VisualStudioVersion = 17.4.33213.308
MinimumVisualStudioVersion = 10.0.40219.1
Project("{FAE04EC0-301F-11D3-BF4B-00C04F79EFBC}") = "ruletaRusa", "ruletaRusa.csproj", "{FD198B6B-40AA-475A-8C07-61176529F652}"
EndProject
Global
	GlobalSection(SolutionConfigurationPlatforms) = preSolution
		Debug|Any CPU = Debug|Any CPU
		Release|Any CPU = Release|Any CPU
	EndGlobalSection
	GlobalSection(ProjectConfigurationPlatforms) = postSolution
		{FD198B6B-40AA-475A-8C07-61176529F652}.Debug|Any CPU.ActiveCfg = Debug|Any CPU
		{FD198B6B-40AA-475A-8C07-61176529F652}.Debug|Any CPU.Build.0 = Debug|Any CPU
		{FD198B6B-40AA-475A-8C07-61176529F652}.Release|Any CPU.ActiveCfg = Release|Any CPU
		{FD198B6B-40AA-475A-8C07-61176529F652}.Release|Any CPU.Build.0 = Release|Any CPU
	EndGlobalSection
	GlobalSection(SolutionProperties) = preSolution
		HideSolutionNode = FALSE
	EndGlobalSection
	GlobalSection(ExtensibilityGlobals) = postSolution
		SolutionGuid = {D72518B6-43B0-4634-8ACD-BF3E96E63D1C}
	EndGlobalSection
EndGlobal
