
Microsoft Visual Studio Solution File, Format Version 12.00
# Visual Studio Version 17
VisualStudioVersion = 17.4.33213.308
MinimumVisualStudioVersion = 10.0.40219.1
Project("{FAE04EC0-301F-11D3-BF4B-00C04F79EFBC}") = "apuesta", "apuesta.csproj", "{6FA64479-C5B2-426D-97B3-599CBC5B6174}"
EndProject
Global
	GlobalSection(SolutionConfigurationPlatforms) = preSolution
		Debug|Any CPU = Debug|Any CPU
		Release|Any CPU = Release|Any CPU
	EndGlobalSection
	GlobalSection(ProjectConfigurationPlatforms) = postSolution
		{6FA64479-C5B2-426D-97B3-599CBC5B6174}.Debug|Any CPU.ActiveCfg = Debug|Any CPU
		{6FA64479-C5B2-426D-97B3-599CBC5B6174}.Debug|Any CPU.Build.0 = Debug|Any CPU
		{6FA64479-C5B2-426D-97B3-599CBC5B6174}.Release|Any CPU.ActiveCfg = Release|Any CPU
		{6FA64479-C5B2-426D-97B3-599CBC5B6174}.Release|Any CPU.Build.0 = Release|Any CPU
	EndGlobalSection
	GlobalSection(SolutionProperties) = preSolution
		HideSolutionNode = FALSE
	EndGlobalSection
	GlobalSection(ExtensibilityGlobals) = postSolution
		SolutionGuid = {7ECC6A53-B78D-4495-87F1-B5ACCD39B4A2}
	EndGlobalSection
EndGlobal
