
Microsoft Visual Studio Solution File, Format Version 12.00
# Visual Studio Version 17
VisualStudioVersion = 17.4.33213.308
MinimumVisualStudioVersion = 10.0.40219.1
Project("{FAE04EC0-301F-11D3-BF4B-00C04F79EFBC}") = "Aula", "Aula.csproj", "{D9F223B9-06CB-4DB3-B49C-EBF83C70D547}"
EndProject
Global
	GlobalSection(SolutionConfigurationPlatforms) = preSolution
		Debug|Any CPU = Debug|Any CPU
		Release|Any CPU = Release|Any CPU
	EndGlobalSection
	GlobalSection(ProjectConfigurationPlatforms) = postSolution
		{D9F223B9-06CB-4DB3-B49C-EBF83C70D547}.Debug|Any CPU.ActiveCfg = Debug|Any CPU
		{D9F223B9-06CB-4DB3-B49C-EBF83C70D547}.Debug|Any CPU.Build.0 = Debug|Any CPU
		{D9F223B9-06CB-4DB3-B49C-EBF83C70D547}.Release|Any CPU.ActiveCfg = Release|Any CPU
		{D9F223B9-06CB-4DB3-B49C-EBF83C70D547}.Release|Any CPU.Build.0 = Release|Any CPU
	EndGlobalSection
	GlobalSection(SolutionProperties) = preSolution
		HideSolutionNode = FALSE
	EndGlobalSection
	GlobalSection(ExtensibilityGlobals) = postSolution
		SolutionGuid = {4FAC86CB-F662-4731-BAAA-9591282B3AD1}
	EndGlobalSection
EndGlobal
