
Microsoft Visual Studio Solution File, Format Version 12.00
# Visual Studio Version 17
VisualStudioVersion = 17.4.33213.308
MinimumVisualStudioVersion = 10.0.40219.1
Project("{FAE04EC0-301F-11D3-BF4B-00C04F79EFBC}") = "JuegoPinguinos", "JuegoPinguinos.csproj", "{56055092-B122-4EAE-ADE6-76E3E2EA5A1D}"
EndProject
Global
	GlobalSection(SolutionConfigurationPlatforms) = preSolution
		Debug|Any CPU = Debug|Any CPU
		Release|Any CPU = Release|Any CPU
	EndGlobalSection
	GlobalSection(ProjectConfigurationPlatforms) = postSolution
		{56055092-B122-4EAE-ADE6-76E3E2EA5A1D}.Debug|Any CPU.ActiveCfg = Debug|Any CPU
		{56055092-B122-4EAE-ADE6-76E3E2EA5A1D}.Debug|Any CPU.Build.0 = Debug|Any CPU
		{56055092-B122-4EAE-ADE6-76E3E2EA5A1D}.Release|Any CPU.ActiveCfg = Release|Any CPU
		{56055092-B122-4EAE-ADE6-76E3E2EA5A1D}.Release|Any CPU.Build.0 = Release|Any CPU
	EndGlobalSection
	GlobalSection(SolutionProperties) = preSolution
		HideSolutionNode = FALSE
	EndGlobalSection
	GlobalSection(ExtensibilityGlobals) = postSolution
		SolutionGuid = {4BE53A50-CE63-4FCA-AE31-9093181AFCE9}
	EndGlobalSection
EndGlobal
