
Microsoft Visual Studio Solution File, Format Version 12.00
# Visual Studio Version 17
VisualStudioVersion = 17.4.33213.308
MinimumVisualStudioVersion = 10.0.40219.1
Project("{FAE04EC0-301F-11D3-BF4B-00C04F79EFBC}") = "listaDinamica2", "listaDinamica2.csproj", "{ED6F1668-F97D-4A7B-9319-268B0218E3B3}"
EndProject
Global
	GlobalSection(SolutionConfigurationPlatforms) = preSolution
		Debug|Any CPU = Debug|Any CPU
		Release|Any CPU = Release|Any CPU
	EndGlobalSection
	GlobalSection(ProjectConfigurationPlatforms) = postSolution
		{ED6F1668-F97D-4A7B-9319-268B0218E3B3}.Debug|Any CPU.ActiveCfg = Debug|Any CPU
		{ED6F1668-F97D-4A7B-9319-268B0218E3B3}.Debug|Any CPU.Build.0 = Debug|Any CPU
		{ED6F1668-F97D-4A7B-9319-268B0218E3B3}.Release|Any CPU.ActiveCfg = Release|Any CPU
		{ED6F1668-F97D-4A7B-9319-268B0218E3B3}.Release|Any CPU.Build.0 = Release|Any CPU
	EndGlobalSection
	GlobalSection(SolutionProperties) = preSolution
		HideSolutionNode = FALSE
	EndGlobalSection
	GlobalSection(ExtensibilityGlobals) = postSolution
		SolutionGuid = {9C3012C9-E5DF-46DD-8B0D-8CACB322B51A}
	EndGlobalSection
EndGlobal
