
Microsoft Visual Studio Solution File, Format Version 12.00
# Visual Studio Version 17
VisualStudioVersion = 17.4.33213.308
MinimumVisualStudioVersion = 10.0.40219.1
Project("{FAE04EC0-301F-11D3-BF4B-00C04F79EFBC}") = "Entregable", "Entregable.csproj", "{4FC1F176-43F3-4167-AC83-C3A02FBC8BB8}"
EndProject
Global
	GlobalSection(SolutionConfigurationPlatforms) = preSolution
		Debug|Any CPU = Debug|Any CPU
		Release|Any CPU = Release|Any CPU
	EndGlobalSection
	GlobalSection(ProjectConfigurationPlatforms) = postSolution
		{4FC1F176-43F3-4167-AC83-C3A02FBC8BB8}.Debug|Any CPU.ActiveCfg = Debug|Any CPU
		{4FC1F176-43F3-4167-AC83-C3A02FBC8BB8}.Debug|Any CPU.Build.0 = Debug|Any CPU
		{4FC1F176-43F3-4167-AC83-C3A02FBC8BB8}.Release|Any CPU.ActiveCfg = Release|Any CPU
		{4FC1F176-43F3-4167-AC83-C3A02FBC8BB8}.Release|Any CPU.Build.0 = Release|Any CPU
	EndGlobalSection
	GlobalSection(SolutionProperties) = preSolution
		HideSolutionNode = FALSE
	EndGlobalSection
	GlobalSection(ExtensibilityGlobals) = postSolution
		SolutionGuid = {05E36187-1CB3-4C35-A9E6-7F77AC0692B4}
	EndGlobalSection
EndGlobal
