
Microsoft Visual Studio Solution File, Format Version 12.00
# Visual Studio Version 17
VisualStudioVersion = 17.4.33213.308
MinimumVisualStudioVersion = 10.0.40219.1
Project("{FAE04EC0-301F-11D3-BF4B-00C04F79EFBC}") = "PersonaEjeObligatorio", "PersonaEjeObligatorio.csproj", "{EA4FC4F5-04CA-41AD-801E-F07161566EA8}"
EndProject
Global
	GlobalSection(SolutionConfigurationPlatforms) = preSolution
		Debug|Any CPU = Debug|Any CPU
		Release|Any CPU = Release|Any CPU
	EndGlobalSection
	GlobalSection(ProjectConfigurationPlatforms) = postSolution
		{EA4FC4F5-04CA-41AD-801E-F07161566EA8}.Debug|Any CPU.ActiveCfg = Debug|Any CPU
		{EA4FC4F5-04CA-41AD-801E-F07161566EA8}.Debug|Any CPU.Build.0 = Debug|Any CPU
		{EA4FC4F5-04CA-41AD-801E-F07161566EA8}.Release|Any CPU.ActiveCfg = Release|Any CPU
		{EA4FC4F5-04CA-41AD-801E-F07161566EA8}.Release|Any CPU.Build.0 = Release|Any CPU
	EndGlobalSection
	GlobalSection(SolutionProperties) = preSolution
		HideSolutionNode = FALSE
	EndGlobalSection
	GlobalSection(ExtensibilityGlobals) = postSolution
		SolutionGuid = {041219C0-FBE7-4565-A6B8-ED3DAF3C5974}
	EndGlobalSection
EndGlobal
