
Microsoft Visual Studio Solution File, Format Version 12.00
# Visual Studio Version 17
VisualStudioVersion = 17.4.33213.308
MinimumVisualStudioVersion = 10.0.40219.1
Project("{FAE04EC0-301F-11D3-BF4B-00C04F79EFBC}") = "personas", "personas.csproj", "{4924953E-338F-4A13-9625-7C261320995F}"
EndProject
Global
	GlobalSection(SolutionConfigurationPlatforms) = preSolution
		Debug|Any CPU = Debug|Any CPU
		Release|Any CPU = Release|Any CPU
	EndGlobalSection
	GlobalSection(ProjectConfigurationPlatforms) = postSolution
		{4924953E-338F-4A13-9625-7C261320995F}.Debug|Any CPU.ActiveCfg = Debug|Any CPU
		{4924953E-338F-4A13-9625-7C261320995F}.Debug|Any CPU.Build.0 = Debug|Any CPU
		{4924953E-338F-4A13-9625-7C261320995F}.Release|Any CPU.ActiveCfg = Release|Any CPU
		{4924953E-338F-4A13-9625-7C261320995F}.Release|Any CPU.Build.0 = Release|Any CPU
	EndGlobalSection
	GlobalSection(SolutionProperties) = preSolution
		HideSolutionNode = FALSE
	EndGlobalSection
	GlobalSection(ExtensibilityGlobals) = postSolution
		SolutionGuid = {BE43CA94-2E4F-49D5-A52C-452284D9F780}
	EndGlobalSection
EndGlobal
