
Microsoft Visual Studio Solution File, Format Version 12.00
# Visual Studio Version 17
VisualStudioVersion = 17.4.33213.308
MinimumVisualStudioVersion = 10.0.40219.1
Project("{FAE04EC0-301F-11D3-BF4B-00C04F79EFBC}") = "copos3", "copos3.csproj", "{EDD2AB9C-44EA-4B15-89FE-C0AA208C5F0C}"
EndProject
Global
	GlobalSection(SolutionConfigurationPlatforms) = preSolution
		Debug|Any CPU = Debug|Any CPU
		Release|Any CPU = Release|Any CPU
	EndGlobalSection
	GlobalSection(ProjectConfigurationPlatforms) = postSolution
		{EDD2AB9C-44EA-4B15-89FE-C0AA208C5F0C}.Debug|Any CPU.ActiveCfg = Debug|Any CPU
		{EDD2AB9C-44EA-4B15-89FE-C0AA208C5F0C}.Debug|Any CPU.Build.0 = Debug|Any CPU
		{EDD2AB9C-44EA-4B15-89FE-C0AA208C5F0C}.Release|Any CPU.ActiveCfg = Release|Any CPU
		{EDD2AB9C-44EA-4B15-89FE-C0AA208C5F0C}.Release|Any CPU.Build.0 = Release|Any CPU
	EndGlobalSection
	GlobalSection(SolutionProperties) = preSolution
		HideSolutionNode = FALSE
	EndGlobalSection
	GlobalSection(ExtensibilityGlobals) = postSolution
		SolutionGuid = {79300689-3BBD-470A-880A-4CC5AF4BAEC7}
	EndGlobalSection
EndGlobal
