
Microsoft Visual Studio Solution File, Format Version 12.00
# Visual Studio Version 17
VisualStudioVersion = 17.4.33213.308
MinimumVisualStudioVersion = 10.0.40219.1
Project("{FAE04EC0-301F-11D3-BF4B-00C04F79EFBC}") = "productos", "productos.csproj", "{4EB95425-CC93-4F4C-A43E-B816B00B4223}"
EndProject
Global
	GlobalSection(SolutionConfigurationPlatforms) = preSolution
		Debug|Any CPU = Debug|Any CPU
		Release|Any CPU = Release|Any CPU
	EndGlobalSection
	GlobalSection(ProjectConfigurationPlatforms) = postSolution
		{4EB95425-CC93-4F4C-A43E-B816B00B4223}.Debug|Any CPU.ActiveCfg = Debug|Any CPU
		{4EB95425-CC93-4F4C-A43E-B816B00B4223}.Debug|Any CPU.Build.0 = Debug|Any CPU
		{4EB95425-CC93-4F4C-A43E-B816B00B4223}.Release|Any CPU.ActiveCfg = Release|Any CPU
		{4EB95425-CC93-4F4C-A43E-B816B00B4223}.Release|Any CPU.Build.0 = Release|Any CPU
	EndGlobalSection
	GlobalSection(SolutionProperties) = preSolution
		HideSolutionNode = FALSE
	EndGlobalSection
	GlobalSection(ExtensibilityGlobals) = postSolution
		SolutionGuid = {7CA6461D-306E-4A3F-A89C-54B07956FD56}
	EndGlobalSection
EndGlobal
