
Microsoft Visual Studio Solution File, Format Version 12.00
# Visual Studio Version 17
VisualStudioVersion = 17.4.33213.308
MinimumVisualStudioVersion = 10.0.40219.1
Project("{FAE04EC0-301F-11D3-BF4B-00C04F79EFBC}") = "Copitos", "Copitos.csproj", "{B00CA490-4ED6-4920-93A6-D5CACEED7419}"
EndProject
Global
	GlobalSection(SolutionConfigurationPlatforms) = preSolution
		Debug|Any CPU = Debug|Any CPU
		Release|Any CPU = Release|Any CPU
	EndGlobalSection
	GlobalSection(ProjectConfigurationPlatforms) = postSolution
		{B00CA490-4ED6-4920-93A6-D5CACEED7419}.Debug|Any CPU.ActiveCfg = Debug|Any CPU
		{B00CA490-4ED6-4920-93A6-D5CACEED7419}.Debug|Any CPU.Build.0 = Debug|Any CPU
		{B00CA490-4ED6-4920-93A6-D5CACEED7419}.Release|Any CPU.ActiveCfg = Release|Any CPU
		{B00CA490-4ED6-4920-93A6-D5CACEED7419}.Release|Any CPU.Build.0 = Release|Any CPU
	EndGlobalSection
	GlobalSection(SolutionProperties) = preSolution
		HideSolutionNode = FALSE
	EndGlobalSection
	GlobalSection(ExtensibilityGlobals) = postSolution
		SolutionGuid = {1D66D75C-0D8E-487B-AF5A-A7D51C56DA01}
	EndGlobalSection
EndGlobal
