
Microsoft Visual Studio Solution File, Format Version 12.00
# Visual Studio Version 17
VisualStudioVersion = 17.4.33213.308
MinimumVisualStudioVersion = 10.0.40219.1
Project("{FAE04EC0-301F-11D3-BF4B-00C04F79EFBC}") = "baraja", "baraja.csproj", "{B8010C25-97C4-459F-9C5D-108631841C72}"
EndProject
Global
	GlobalSection(SolutionConfigurationPlatforms) = preSolution
		Debug|Any CPU = Debug|Any CPU
		Release|Any CPU = Release|Any CPU
	EndGlobalSection
	GlobalSection(ProjectConfigurationPlatforms) = postSolution
		{B8010C25-97C4-459F-9C5D-108631841C72}.Debug|Any CPU.ActiveCfg = Debug|Any CPU
		{B8010C25-97C4-459F-9C5D-108631841C72}.Debug|Any CPU.Build.0 = Debug|Any CPU
		{B8010C25-97C4-459F-9C5D-108631841C72}.Release|Any CPU.ActiveCfg = Release|Any CPU
		{B8010C25-97C4-459F-9C5D-108631841C72}.Release|Any CPU.Build.0 = Release|Any CPU
	EndGlobalSection
	GlobalSection(SolutionProperties) = preSolution
		HideSolutionNode = FALSE
	EndGlobalSection
	GlobalSection(ExtensibilityGlobals) = postSolution
		SolutionGuid = {18D2D48F-C283-4025-9A21-C02DCB346ADC}
	EndGlobalSection
EndGlobal
